
Microsoft Visual Studio Solution File, Format Version 12.00
# Visual Studio Version 16
VisualStudioVersion = 16.0.31613.86
MinimumVisualStudioVersion = 10.0.40219.1
Project("{FAE04EC0-301F-11D3-BF4B-00C04F79EFBC}") = "BazeProjekatFormule", "BazeProjekatFormule\BazeProjekatFormule.csproj", "{6DE3AD70-2746-4B09-95F4-25ABF79E51B9}"
EndProject
Global
	GlobalSection(SolutionConfigurationPlatforms) = preSolution
		Debug|Any CPU = Debug|Any CPU
		Release|Any CPU = Release|Any CPU
	EndGlobalSection
	GlobalSection(ProjectConfigurationPlatforms) = postSolution
		{6DE3AD70-2746-4B09-95F4-25ABF79E51B9}.Debug|Any CPU.ActiveCfg = Debug|Any CPU
		{6DE3AD70-2746-4B09-95F4-25ABF79E51B9}.Debug|Any CPU.Build.0 = Debug|Any CPU
		{6DE3AD70-2746-4B09-95F4-25ABF79E51B9}.Release|Any CPU.ActiveCfg = Release|Any CPU
		{6DE3AD70-2746-4B09-95F4-25ABF79E51B9}.Release|Any CPU.Build.0 = Release|Any CPU
	EndGlobalSection
	GlobalSection(SolutionProperties) = preSolution
		HideSolutionNode = FALSE
	EndGlobalSection
	GlobalSection(ExtensibilityGlobals) = postSolution
		SolutionGuid = {EA79CB0F-BFFF-4B31-91BD-CC0DB3E691DF}
	EndGlobalSection
EndGlobal
